
Microsoft Visual Studio Solution File, Format Version 12.00
# Visual Studio Version 17
VisualStudioVersion = 17.0.31521.260
MinimumVisualStudioVersion = 17.0.31521.260
Project("{9A19103F-16F7-4668-BE54-9A1E7A4F7556}") = "EFCore.Xugu", "src\EFCore.Xugu\EFCore.Xugu.csproj", "{7DF74427-C628-4A9D-93D1-D8E765C55B08}"
EndProject
Global
	GlobalSection(SolutionConfigurationPlatforms) = preSolution
		Debug|Any CPU = Debug|Any CPU
		Release|Any CPU = Release|Any CPU
	EndGlobalSection
	GlobalSection(ProjectConfigurationPlatforms) = postSolution
		{7DF74427-C628-4A9D-93D1-D8E765C55B08}.Debug|Any CPU.ActiveCfg = Debug|Any CPU
		{7DF74427-C628-4A9D-93D1-D8E765C55B08}.Debug|Any CPU.Build.0 = Debug|Any CPU
		{7DF74427-C628-4A9D-93D1-D8E765C55B08}.Release|Any CPU.ActiveCfg = Release|Any CPU
		{7DF74427-C628-4A9D-93D1-D8E765C55B08}.Release|Any CPU.Build.0 = Release|Any CPU
	EndGlobalSection
	GlobalSection(SolutionProperties) = preSolution
		HideSolutionNode = FALSE
	EndGlobalSection
	GlobalSection(ExtensibilityGlobals) = postSolution
		SolutionGuid = {285A5EB4-BCF4-40EB-B9E1-DF6DBCB5E705}
	EndGlobalSection
EndGlobal
